{
  "version": 4,
  "terraform_version": "0.13.0",
  "serial": 23,
  "lineage": "f6289bef-3d2c-991f-9b39-0e17f46fb35e",
  "outputs": {},
  "resources": [
    {
      "mode": "data",
      "type": "google_compute_image",
      "name": "centos_7",
      "provider": "provider[\"registry.terraform.io/hashicorp/google\"]",
      "instances": [
        {
          "schema_version": 0,
          "attributes": {
            "archive_size_bytes": 27108820992,
            "creation_timestamp": "2020-08-11T11:37:35.338-07:00",
            "description": "CentOS, CentOS, 7, x86_64 built on 20200811, supports Shielded VM features",
            "disk_size_gb": 20,
            "family": "centos-7",
            "id": "centos-cloud/family/centos-7",
            "image_encryption_key_sha256": "",
            "image_id": "7496834076966345600",
            "label_fingerprint": "42WmSpB8rSM=",
            "labels": {},
            "licenses": [
              "https://www.googleapis.com/compute/v1/projects/centos-cloud/global/licenses/centos-7"
            ],
            "name": "centos-7-v20200811",
            "project": "centos-cloud",
            "self_link": "https://www.googleapis.com/compute/v1/projects/centos-cloud/global/images/centos-7-v20200811",
            "source_disk": "",
            "source_disk_encryption_key_sha256": "",
            "source_disk_id": "",
            "source_image_id": "",
            "status": "READY"
          }
        }
      ]
    },
    {
      "mode": "managed",
      "type": "google_compute_autoscaler",
      "name": "foobar",
      "provider": "provider[\"registry.terraform.io/hashicorp/google\"]",
      "instances": [
        {
          "schema_version": 0,
          "attributes": {
            "autoscaling_policy": [
              {
                "cooldown_period": 60,
                "cpu_utilization": [
                  {
                    "target": 0.5
                  }
                ],
                "load_balancing_utilization": [],
                "max_replicas": 5,
                "metric": [],
                "min_replicas": 2
              }
            ],
            "creation_timestamp": "2020-08-26T03:42:52.177-07:00",
            "description": "",
            "id": "projects/aicolab/zones/us-central1-c/autoscalers/my-autoscaler",
            "name": "my-autoscaler",
            "project": "aicolab",
            "self_link": "https://www.googleapis.com/compute/v1/projects/aicolab/zones/us-central1-c/autoscalers/my-autoscaler",
            "target": "https://www.googleapis.com/compute/v1/projects/aicolab/zones/us-central1-c/instanceGroupManagers/my-igm",
            "timeouts": null,
            "zone": "https://www.googleapis.com/compute/v1/projects/aicolab/zones/us-central1-c"
          },
          "private": "eyJlMmJmYjczMC1lY2FhLTExZTYtOGY4OC0zNDM2M2JjN2M0YzAiOnsiY3JlYXRlIjoyNDAwMDAwMDAwMDAsImRlbGV0ZSI6MjQwMDAwMDAwMDAwLCJ1cGRhdGUiOjI0MDAwMDAwMDAwMH19",
          "dependencies": [
            "data.google_compute_image.centos_7",
            "google_compute_instance_group_manager.foobar",
            "google_compute_instance_template.foobar",
            "google_compute_target_pool.foobar"
          ]
        }
      ]
    },
    {
      "module": "module.lb",
      "mode": "managed",
      "type": "google_compute_firewall",
      "name": "default-hc-fw",
      "provider": "provider[\"registry.terraform.io/hashicorp/google\"]",
      "instances": [
        {
          "index_key": 0,
          "schema_version": 1,
          "attributes": {
            "allow": [
              {
                "ports": [
                  "80"
                ],
                "protocol": "tcp"
              }
            ],
            "creation_timestamp": "2020-08-26T03:43:50.314-07:00",
            "deny": [],
            "description": "",
            "destination_ranges": [],
            "direction": "INGRESS",
            "disabled": false,
            "enable_logging": false,
            "id": "projects/aicolab/global/firewalls/load-balancer-hc",
            "name": "load-balancer-hc",
            "network": "https://www.googleapis.com/compute/v1/projects/aicolab/global/networks/auto-terraform-network",
            "priority": 1000,
            "project": "aicolab",
            "self_link": "https://www.googleapis.com/compute/v1/projects/aicolab/global/firewalls/load-balancer-hc",
            "source_ranges": [
              "209.85.152.0/22",
              "209.85.204.0/22",
              "35.191.0.0/16"
            ],
            "source_service_accounts": null,
            "source_tags": null,
            "target_service_accounts": null,
            "target_tags": [
              "my-target-pool"
            ],
            "timeouts": null
          },
          "private": "eyJlMmJmYjczMC1lY2FhLTExZTYtOGY4OC0zNDM2M2JjN2M0YzAiOnsiY3JlYXRlIjoyNDAwMDAwMDAwMDAsImRlbGV0ZSI6MjQwMDAwMDAwMDAwLCJ1cGRhdGUiOjI0MDAwMDAwMDAwMH0sInNjaGVtYV92ZXJzaW9uIjoiMSJ9",
          "dependencies": [
            "google_compute_network.vpc_network"
          ]
        }
      ]
    },
    {
      "module": "module.lb",
      "mode": "managed",
      "type": "google_compute_firewall",
      "name": "default-lb-fw",
      "provider": "provider[\"registry.terraform.io/hashicorp/google\"]",
      "instances": [
        {
          "schema_version": 1,
          "attributes": {
            "allow": [
              {
                "ports": [
                  "80"
                ],
                "protocol": "tcp"
              }
            ],
            "creation_timestamp": "2020-08-26T03:43:50.249-07:00",
            "deny": [],
            "description": "",
            "destination_ranges": [],
            "direction": "INGRESS",
            "disabled": false,
            "enable_logging": false,
            "id": "projects/aicolab/global/firewalls/load-balancer-vm-service",
            "name": "load-balancer-vm-service",
            "network": "https://www.googleapis.com/compute/v1/projects/aicolab/global/networks/auto-terraform-network",
            "priority": 1000,
            "project": "aicolab",
            "self_link": "https://www.googleapis.com/compute/v1/projects/aicolab/global/firewalls/load-balancer-vm-service",
            "source_ranges": [
              "0.0.0.0/0"
            ],
            "source_service_accounts": null,
            "source_tags": null,
            "target_service_accounts": null,
            "target_tags": [
              "my-target-pool"
            ],
            "timeouts": null
          },
          "private": "eyJlMmJmYjczMC1lY2FhLTExZTYtOGY4OC0zNDM2M2JjN2M0YzAiOnsiY3JlYXRlIjoyNDAwMDAwMDAwMDAsImRlbGV0ZSI6MjQwMDAwMDAwMDAwLCJ1cGRhdGUiOjI0MDAwMDAwMDAwMH0sInNjaGVtYV92ZXJzaW9uIjoiMSJ9",
          "dependencies": [
            "google_compute_network.vpc_network"
          ]
        }
      ]
    },
    {
      "module": "module.lb",
      "mode": "managed",
      "type": "google_compute_forwarding_rule",
      "name": "default",
      "provider": "provider[\"registry.terraform.io/hashicorp/google\"]",
      "instances": [
        {
          "schema_version": 0,
          "attributes": {
            "all_ports": false,
            "backend_service": "",
            "creation_timestamp": "2020-08-26T03:42:36.233-07:00",
            "description": "",
            "id": "projects/aicolab/regions/us-central1/forwardingRules/load-balancer",
            "ip_address": "34.67.209.252",
            "ip_protocol": "TCP",
            "ip_version": null,
            "load_balancing_scheme": "EXTERNAL",
            "name": "load-balancer",
            "network": "",
            "network_tier": "PREMIUM",
            "port_range": "80-80",
            "ports": null,
            "project": "aicolab",
            "region": "us-central1",
            "self_link": "https://www.googleapis.com/compute/v1/projects/aicolab/regions/us-central1/forwardingRules/load-balancer",
            "service_label": "",
            "service_name": "",
            "subnetwork": "",
            "target": "https://www.googleapis.com/compute/v1/projects/aicolab/regions/us-central1/targetPools/load-balancer",
            "timeouts": null
          },
          "private": "eyJlMmJmYjczMC1lY2FhLTExZTYtOGY4OC0zNDM2M2JjN2M0YzAiOnsiY3JlYXRlIjoyNDAwMDAwMDAwMDAsImRlbGV0ZSI6MjQwMDAwMDAwMDAwLCJ1cGRhdGUiOjI0MDAwMDAwMDAwMH19",
          "dependencies": [
            "module.lb.google_compute_http_health_check.default",
            "module.lb.google_compute_target_pool.default"
          ]
        }
      ]
    },
    {
      "module": "module.lb",
      "mode": "managed",
      "type": "google_compute_http_health_check",
      "name": "default",
      "provider": "provider[\"registry.terraform.io/hashicorp/google\"]",
      "instances": [
        {
          "index_key": 0,
          "schema_version": 0,
          "attributes": {
            "check_interval_sec": 5,
            "creation_timestamp": "2020-08-26T03:42:28.529-07:00",
            "description": "",
            "healthy_threshold": 2,
            "host": "",
            "id": "projects/aicolab/global/httpHealthChecks/load-balancer-hc",
            "name": "load-balancer-hc",
            "port": 80,
            "project": "aicolab",
            "request_path": "/",
            "self_link": "https://www.googleapis.com/compute/v1/projects/aicolab/global/httpHealthChecks/load-balancer-hc",
            "timeout_sec": 5,
            "timeouts": null,
            "unhealthy_threshold": 2
          },
          "private": "eyJlMmJmYjczMC1lY2FhLTExZTYtOGY4OC0zNDM2M2JjN2M0YzAiOnsiY3JlYXRlIjoyNDAwMDAwMDAwMDAsImRlbGV0ZSI6MjQwMDAwMDAwMDAwLCJ1cGRhdGUiOjI0MDAwMDAwMDAwMH19"
        }
      ]
    },
    {
      "mode": "managed",
      "type": "google_compute_instance_group_manager",
      "name": "foobar",
      "provider": "provider[\"registry.terraform.io/hashicorp/google\"]",
      "instances": [
        {
          "schema_version": 0,
          "attributes": {
            "auto_healing_policies": [],
            "base_instance_name": "terraform",
            "description": "",
            "fingerprint": "YthWXaJQOgs=",
            "id": "projects/aicolab/zones/us-central1-c/instanceGroupManagers/my-igm",
            "instance_group": "https://www.googleapis.com/compute/v1/projects/aicolab/zones/us-central1-c/instanceGroups/my-igm",
            "instance_template": null,
            "name": "my-igm",
            "named_port": [],
            "project": "aicolab",
            "self_link": "https://www.googleapis.com/compute/v1/projects/aicolab/zones/us-central1-c/instanceGroupManagers/my-igm",
            "target_pools": [
              "https://www.googleapis.com/compute/v1/projects/aicolab/regions/us-central1/targetPools/my-target-pool"
            ],
            "target_size": 0,
            "timeouts": null,
            "update_policy": [
              {
                "max_surge_fixed": 1,
                "max_surge_percent": 0,
                "max_unavailable_fixed": 1,
                "max_unavailable_percent": 0,
                "min_ready_sec": 0,
                "minimal_action": "REPLACE",
                "type": "OPPORTUNISTIC"
              }
            ],
            "update_strategy": null,
            "version": [
              {
                "instance_template": "https://www.googleapis.com/compute/v1/projects/aicolab/global/instanceTemplates/my-instance-template",
                "name": "primary",
                "target_size": []
              }
            ],
            "wait_for_instances": false,
            "zone": "us-central1-c"
          },
          "private": "eyJlMmJmYjczMC1lY2FhLTExZTYtOGY4OC0zNDM2M2JjN2M0YzAiOnsiY3JlYXRlIjozMDAwMDAwMDAwMDAsImRlbGV0ZSI6OTAwMDAwMDAwMDAwLCJ1cGRhdGUiOjMwMDAwMDAwMDAwMH19",
          "dependencies": [
            "data.google_compute_image.centos_7",
            "google_compute_instance_template.foobar",
            "google_compute_target_pool.foobar"
          ]
        }
      ]
    },
    {
      "mode": "managed",
      "type": "google_compute_instance_template",
      "name": "foobar",
      "provider": "provider[\"registry.terraform.io/hashicorp/google\"]",
      "instances": [
        {
          "schema_version": 1,
          "attributes": {
            "can_ip_forward": false,
            "description": "",
            "disk": [
              {
                "auto_delete": true,
                "boot": true,
                "device_name": "persistent-disk-0",
                "disk_encryption_key": [],
                "disk_name": "",
                "disk_size_gb": 0,
                "disk_type": "pd-standard",
                "interface": "SCSI",
                "labels": null,
                "mode": "READ_WRITE",
                "source": "",
                "source_image": "projects/centos-cloud/global/images/centos-7-v20200811",
                "type": "PERSISTENT"
              }
            ],
            "enable_display": null,
            "guest_accelerator": [],
            "id": "projects/aicolab/global/instanceTemplates/my-instance-template",
            "instance_description": "",
            "labels": null,
            "machine_type": "n1-standard-1",
            "metadata": {
              "foo": "bar"
            },
            "metadata_fingerprint": "uwH2SfnzrO4=",
            "metadata_startup_script": null,
            "min_cpu_platform": "",
            "name": "my-instance-template",
            "name_prefix": null,
            "network_interface": [
              {
                "access_config": [],
                "alias_ip_range": [],
                "network": "https://www.googleapis.com/compute/v1/projects/aicolab/global/networks/default",
                "network_ip": "",
                "subnetwork": "",
                "subnetwork_project": ""
              }
            ],
            "project": "aicolab",
            "region": null,
            "scheduling": [
              {
                "automatic_restart": true,
                "node_affinities": [],
                "on_host_maintenance": "MIGRATE",
                "preemptible": false
              }
            ],
            "self_link": "https://www.googleapis.com/compute/beta/projects/aicolab/global/instanceTemplates/my-instance-template",
            "service_account": [
              {
                "email": "default",
                "scopes": [
                  "https://www.googleapis.com/auth/compute.readonly",
                  "https://www.googleapis.com/auth/devstorage.read_only",
                  "https://www.googleapis.com/auth/userinfo.email"
                ]
              }
            ],
            "shielded_instance_config": [],
            "tags": [
              "allow-lb-service",
              "bar",
              "foo"
            ],
            "tags_fingerprint": ""
          },
          "private": "eyJzY2hlbWFfdmVyc2lvbiI6IjEifQ==",
          "dependencies": [
            "data.google_compute_image.centos_7"
          ]
        }
      ]
    },
    {
      "mode": "managed",
      "type": "google_compute_network",
      "name": "vpc_network",
      "provider": "provider[\"registry.terraform.io/hashicorp/google\"]",
      "instances": [
        {
          "schema_version": 0,
          "attributes": {
            "auto_create_subnetworks": true,
            "delete_default_routes_on_create": false,
            "description": "",
            "gateway_ipv4": "",
            "id": "projects/aicolab/global/networks/auto-terraform-network",
            "ipv4_range": null,
            "name": "auto-terraform-network",
            "project": "aicolab",
            "routing_mode": "REGIONAL",
            "self_link": "https://www.googleapis.com/compute/v1/projects/aicolab/global/networks/auto-terraform-network",
            "timeouts": null
          },
          "private": "eyJlMmJmYjczMC1lY2FhLTExZTYtOGY4OC0zNDM2M2JjN2M0YzAiOnsiY3JlYXRlIjoyNDAwMDAwMDAwMDAsImRlbGV0ZSI6MjQwMDAwMDAwMDAwLCJ1cGRhdGUiOjI0MDAwMDAwMDAwMH19"
        }
      ]
    },
    {
      "module": "module.lb",
      "mode": "managed",
      "type": "google_compute_target_pool",
      "name": "default",
      "provider": "provider[\"registry.terraform.io/hashicorp/google\"]",
      "instances": [
        {
          "schema_version": 0,
          "attributes": {
            "backup_pool": "",
            "description": "",
            "failover_ratio": 0,
            "health_checks": [
              "https://www.googleapis.com/compute/v1/projects/aicolab/global/httpHealthChecks/load-balancer-hc"
            ],
            "id": "projects/aicolab/regions/us-central1/targetPools/load-balancer",
            "instances": [],
            "name": "load-balancer",
            "project": "aicolab",
            "region": "us-central1",
            "self_link": "https://www.googleapis.com/compute/v1/projects/aicolab/regions/us-central1/targetPools/load-balancer",
            "session_affinity": "NONE"
          },
          "private": "bnVsbA==",
          "dependencies": [
            "module.lb.google_compute_http_health_check.default"
          ]
        }
      ]
    },
    {
      "mode": "managed",
      "type": "google_compute_target_pool",
      "name": "foobar",
      "provider": "provider[\"registry.terraform.io/hashicorp/google\"]",
      "instances": [
        {
          "schema_version": 0,
          "attributes": {
            "backup_pool": "",
            "description": "",
            "failover_ratio": 0,
            "health_checks": null,
            "id": "projects/aicolab/regions/us-central1/targetPools/my-target-pool",
            "instances": [],
            "name": "my-target-pool",
            "project": "aicolab",
            "region": "us-central1",
            "self_link": "https://www.googleapis.com/compute/v1/projects/aicolab/regions/us-central1/targetPools/my-target-pool",
            "session_affinity": "NONE"
          },
          "private": "bnVsbA=="
        }
      ]
    }
  ]
}
